
Microsoft Visual Studio Solution File, Format Version 12.00
# Visual Studio Version 17
VisualStudioVersion = 17.7.33906.173
MinimumVisualStudioVersion = 10.0.40219.1
Project("{FAE04EC0-301F-11D3-BF4B-00C04F79EFBC}") = "NutritionApi", "NutritionApi\NutritionApi.csproj", "{CFABB2C0-ADE3-461B-B3A6-281CE0D3A1FA}"
EndProject
Global
	GlobalSection(SolutionConfigurationPlatforms) = preSolution
		Debug|Any CPU = Debug|Any CPU
		Release|Any CPU = Release|Any CPU
	EndGlobalSection
	GlobalSection(ProjectConfigurationPlatforms) = postSolution
		{CFABB2C0-ADE3-461B-B3A6-281CE0D3A1FA}.Debug|Any CPU.ActiveCfg = Debug|Any CPU
		{CFABB2C0-ADE3-461B-B3A6-281CE0D3A1FA}.Debug|Any CPU.Build.0 = Debug|Any CPU
		{CFABB2C0-ADE3-461B-B3A6-281CE0D3A1FA}.Release|Any CPU.ActiveCfg = Release|Any CPU
		{CFABB2C0-ADE3-461B-B3A6-281CE0D3A1FA}.Release|Any CPU.Build.0 = Release|Any CPU
	EndGlobalSection
	GlobalSection(SolutionProperties) = preSolution
		HideSolutionNode = FALSE
	EndGlobalSection
	GlobalSection(ExtensibilityGlobals) = postSolution
		SolutionGuid = {D2A81B6C-DFE7-4587-B977-08126C2F9C79}
	EndGlobalSection
EndGlobal
